# This file is automatically @generated by Cargo.
# It is not intended for manual editing.
version = 3

[[package]]
name = "bitflags"
version = "1.3.2"
source = "registry+https://github.com/rust-lang/crates.io-index"
checksum = "bef38d45163c2f1dde094a7dfd33ccf595c92905c8f8f4fdc18d06fb1037718a"

[[package]]
name = "byteorder"
version = "1.4.3"
source = "registry+https://github.com/rust-lang/crates.io-index"
checksum = "14c189c53d098945499cdfa7ecc63567cf3886b3332b312a5b4585d8d3a6a610"

[[package]]
name = "erased-serde"
version = "0.3.26"
source = "registry+https://github.com/rust-lang/crates.io-index"
checksum = "c6984864d65d092d9e9ada107007a846a09f75d2e24046bcce9a38d14aa52052"
dependencies = [
 "serde",
]

[[package]]
name = "i2c"
version = "0.1.0"
source = "registry+https://github.com/rust-lang/crates.io-index"
checksum = "60c7b7bdd7b3a985fdcf94a0d7d98e7a47fde8b7f22fb55ce1a91cc104a2ce9a"
dependencies = [
 "bitflags",
]

[[package]]
name = "itoa"
version = "1.0.9"
source = "registry+https://github.com/rust-lang/crates.io-index"
checksum = "af150ab688ff2122fcef229be89cb50dd66af9e01a4ff320cc137eecc9bacc38"

[[package]]
name = "libc"
version = "0.2.146"
source = "registry+https://github.com/rust-lang/crates.io-index"
checksum = "f92be4933c13fd498862a9e02a3055f8a8d9c039ce33db97306fd5a6caa7f29b"

[[package]]
name = "log"
version = "0.4.19"
source = "registry+https://github.com/rust-lang/crates.io-index"
checksum = "b06a4cde4c0f271a446782e3eff8de789548ce57dbc8eca9292c27f4a42004b4"
dependencies = [
 "value-bag",
]

[[package]]
name = "nvapi"
version = "0.2.0"
dependencies = [
 "i2c",
 "log",
 "nvapi-sys",
 "serde",
]

[[package]]
name = "nvapi-hi"
version = "0.2.0"
dependencies = [
 "log",
 "nvapi",
 "once_cell",
 "serde",
]

[[package]]
name = "nvapi-macros"
version = "0.1.0"
dependencies = [
 "proc-macro2",
 "quote",
 "syn 2.0.18",
]

[[package]]
name = "nvapi-sys"
version = "0.2.0"
dependencies = [
 "bitflags",
 "libc",
 "log",
 "nvapi-macros",
 "serde",
 "winapi",
 "zerocopy",
]

[[package]]
name = "once_cell"
version = "1.18.0"
source = "registry+https://github.com/rust-lang/crates.io-index"
checksum = "dd8b5dd2ae5ed71462c540258bedcb51965123ad7e7ccf4b9a8cafaa4a63576d"

[[package]]
name = "proc-macro2"
version = "1.0.60"
source = "registry+https://github.com/rust-lang/crates.io-index"
checksum = "dec2b086b7a862cf4de201096214fa870344cf922b2b30c167badb3af3195406"
dependencies = [
 "unicode-ident",
]

[[package]]
name = "quote"
version = "1.0.28"
source = "registry+https://github.com/rust-lang/crates.io-index"
checksum = "1b9ab9c7eadfd8df19006f1cf1a4aed13540ed5cbc047010ece5826e10825488"
dependencies = [
 "proc-macro2",
]

[[package]]
name = "ryu"
version = "1.0.15"
source = "registry+https://github.com/rust-lang/crates.io-index"
checksum = "1ad4cc8da4ef723ed60bced201181d83791ad433213d8c24efffda1eec85d741"

[[package]]
name = "serde"
version = "1.0.164"
source = "registry+https://github.com/rust-lang/crates.io-index"
checksum = "9e8c8cf938e98f769bc164923b06dce91cea1751522f46f8466461af04c9027d"
dependencies = [
 "serde_derive",
]

[[package]]
name = "serde_derive"
version = "1.0.164"
source = "registry+https://github.com/rust-lang/crates.io-index"
checksum = "d9735b638ccc51c28bf6914d90a2e9725b377144fc612c49a611fddd1b631d68"
dependencies = [
 "proc-macro2",
 "quote",
 "syn 2.0.18",
]

[[package]]
name = "serde_fmt"
version = "1.0.3"
source = "registry+https://github.com/rust-lang/crates.io-index"
checksum = "e1d4ddca14104cd60529e8c7f7ba71a2c8acd8f7f5cfcdc2faf97eeb7c3010a4"
dependencies = [
 "serde",
]

[[package]]
name = "sval"
version = "2.6.1"
source = "registry+https://github.com/rust-lang/crates.io-index"
checksum = "8b031320a434d3e9477ccf9b5756d57d4272937b8d22cb88af80b7633a1b78b1"

[[package]]
name = "sval_buffer"
version = "2.6.1"
source = "registry+https://github.com/rust-lang/crates.io-index"
checksum = "6bf7e9412af26b342f3f2cc5cc4122b0105e9d16eb76046cd14ed10106cf6028"
dependencies = [
 "sval",
 "sval_ref",
]

[[package]]
name = "sval_dynamic"
version = "2.6.1"
source = "registry+https://github.com/rust-lang/crates.io-index"
checksum = "a0ef628e8a77a46ed3338db8d1b08af77495123cc229453084e47cd716d403cf"
dependencies = [
 "sval",
]

[[package]]
name = "sval_fmt"
version = "2.6.1"
source = "registry+https://github.com/rust-lang/crates.io-index"
checksum = "7dc09e9364c2045ab5fa38f7b04d077b3359d30c4c2b3ec4bae67a358bd64326"
dependencies = [
 "itoa",
 "ryu",
 "sval",
]

[[package]]
name = "sval_json"
version = "2.6.1"
source = "registry+https://github.com/rust-lang/crates.io-index"
checksum = "ada6f627e38cbb8860283649509d87bc4a5771141daa41c78fd31f2b9485888d"
dependencies = [
 "itoa",
 "ryu",
 "sval",
]

[[package]]
name = "sval_ref"
version = "2.6.1"
source = "registry+https://github.com/rust-lang/crates.io-index"
checksum = "703ca1942a984bd0d9b5a4c0a65ab8b4b794038d080af4eb303c71bc6bf22d7c"
dependencies = [
 "sval",
]

[[package]]
name = "sval_serde"
version = "2.6.1"
source = "registry+https://github.com/rust-lang/crates.io-index"
checksum = "830926cd0581f7c3e5d51efae4d35c6b6fc4db583842652891ba2f1bed8db046"
dependencies = [
 "serde",
 "sval",
 "sval_buffer",
 "sval_fmt",
]

[[package]]
name = "syn"
version = "1.0.109"
source = "registry+https://github.com/rust-lang/crates.io-index"
checksum = "72b64191b275b66ffe2469e8af2c1cfe3bafa67b529ead792a6d0160888b4237"
dependencies = [
 "proc-macro2",
 "quote",
 "unicode-ident",
]

[[package]]
name = "syn"
version = "2.0.18"
source = "registry+https://github.com/rust-lang/crates.io-index"
checksum = "32d41677bcbe24c20c52e7c70b0d8db04134c5d1066bf98662e2871ad200ea3e"
dependencies = [
 "proc-macro2",
 "quote",
 "unicode-ident",
]

[[package]]
name = "unicode-ident"
version = "1.0.9"
source = "registry+https://github.com/rust-lang/crates.io-index"
checksum = "b15811caf2415fb889178633e7724bad2509101cde276048e013b9def5e51fa0"

[[package]]
name = "value-bag"
version = "1.4.1"
source = "registry+https://github.com/rust-lang/crates.io-index"
checksum = "d92ccd67fb88503048c01b59152a04effd0782d035a83a6d256ce6085f08f4a3"
dependencies = [
 "value-bag-serde1",
 "value-bag-sval2",
]

[[package]]
name = "value-bag-serde1"
version = "1.4.1"
source = "registry+https://github.com/rust-lang/crates.io-index"
checksum = "b0b9f3feef403a50d4d67e9741a6d8fc688bcbb4e4f31bd4aab72cc690284394"
dependencies = [
 "erased-serde",
 "serde",
 "serde_fmt",
]

[[package]]
name = "value-bag-sval2"
version = "1.4.1"
source = "registry+https://github.com/rust-lang/crates.io-index"
checksum = "30b24f4146b6f3361e91cbf527d1fb35e9376c3c0cef72ca5ec5af6d640fad7d"
dependencies = [
 "sval",
 "sval_buffer",
 "sval_dynamic",
 "sval_fmt",
 "sval_json",
 "sval_ref",
 "sval_serde",
]

[[package]]
name = "winapi"
version = "0.3.9"
source = "registry+https://github.com/rust-lang/crates.io-index"
checksum = "5c839a674fcd7a98952e593242ea400abe93992746761e38641405d28b00f419"
dependencies = [
 "winapi-i686-pc-windows-gnu",
 "winapi-x86_64-pc-windows-gnu",
]

[[package]]
name = "winapi-i686-pc-windows-gnu"
version = "0.4.0"
source = "registry+https://github.com/rust-lang/crates.io-index"
checksum = "ac3b87c63620426dd9b991e5ce0329eff545bccbbb34f3be09ff6fb6ab51b7b6"

[[package]]
name = "winapi-x86_64-pc-windows-gnu"
version = "0.4.0"
source = "registry+https://github.com/rust-lang/crates.io-index"
checksum = "712e227841d057c1ee1cd2fb22fa7e5a5461ae8e48fa2ca79ec42cfc1931183f"

[[package]]
name = "zerocopy"
version = "0.6.1"
source = "registry+https://github.com/rust-lang/crates.io-index"
checksum = "332f188cc1bcf1fe1064b8c58d150f497e697f49774aa846f2dc949d9a25f236"
dependencies = [
 "byteorder",
 "zerocopy-derive",
]

[[package]]
name = "zerocopy-derive"
version = "0.3.2"
source = "registry+https://github.com/rust-lang/crates.io-index"
checksum = "6505e6815af7de1746a08f69c69606bb45695a17149517680f3b2149713b19a3"
dependencies = [
 "proc-macro2",
 "quote",
 "syn 1.0.109",
]
